
Microsoft Visual Studio Solution File, Format Version 12.00
# Visual Studio Version 16
VisualStudioVersion = 16.0.30907.101
MinimumVisualStudioVersion = 10.0.40219.1
Project("{FAE04EC0-301F-11D3-BF4B-00C04F79EFBC}") = "MapMarkers", "MapMarkers\MapMarkers.csproj", "{435432E7-8517-4495-8FA2-36DAC6CF17EE}"
EndProject
Project("{2150E333-8FDC-42A3-9474-1A3956D46DE8}") = "Solution Items", "Solution Items", "{01BAE563-5F79-4B7A-877C-F82A235C9A03}"
	ProjectSection(SolutionItems) = preProject
		README.md = README.md
	EndProjectSection
EndProject
Global
	GlobalSection(SolutionConfigurationPlatforms) = preSolution
		Debug|Any CPU = Debug|Any CPU
		Release|Any CPU = Release|Any CPU
	EndGlobalSection
	GlobalSection(ProjectConfigurationPlatforms) = postSolution
		{435432E7-8517-4495-8FA2-36DAC6CF17EE}.Debug|Any CPU.ActiveCfg = Debug|Any CPU
		{435432E7-8517-4495-8FA2-36DAC6CF17EE}.Debug|Any CPU.Build.0 = Debug|Any CPU
		{435432E7-8517-4495-8FA2-36DAC6CF17EE}.Release|Any CPU.ActiveCfg = Release|Any CPU
		{435432E7-8517-4495-8FA2-36DAC6CF17EE}.Release|Any CPU.Build.0 = Release|Any CPU
	EndGlobalSection
	GlobalSection(SolutionProperties) = preSolution
		HideSolutionNode = FALSE
	EndGlobalSection
	GlobalSection(ExtensibilityGlobals) = postSolution
		SolutionGuid = {F4904034-303A-4DC6-AD70-C12806A83FAB}
	EndGlobalSection
EndGlobal
